// !$*UTF8*$!
{
	archiveVersion = 1;
	classes = {
	};
	objectVersion = 46;
	objects = {

/* Begin PBXBuildFile section */
		5B246BFD1BE88C7A00F6CE6B /* main.m in Sources */ = {isa = PBXBuildFile; fileRef = 5B246BFC1BE88C7A00F6CE6B /* main.m */; };
		5B246C001BE88C7A00F6CE6B /* AppDelegate.m in Sources */ = {isa = PBXBuildFile; fileRef = 5B246BFF1BE88C7A00F6CE6B /* AppDelegate.m */; };
		5B246C031BE88C7A00F6CE6B /* ViewController.m in Sources */ = {isa = PBXBuildFile; fileRef = 5B246C021BE88C7A00F6CE6B /* ViewController.m */; };
		5B246C061BE88C7A00F6CE6B /* Main.storyboard in Resources */ = {isa = PBXBuildFile; fileRef = 5B246C041BE88C7A00F6CE6B /* Main.storyboard */; };
		5B246C091BE88C7A00F6CE6B /* SampleDiaryApp.xcdatamodeld in Sources */ = {isa = PBXBuildFile; fileRef = 5B246C071BE88C7A00F6CE6B /* SampleDiaryApp.xcdatamodeld */; };
		5B246C0B1BE88C7A00F6CE6B /* Assets.xcassets in Resources */ = {isa = PBXBuildFile; fileRef = 5B246C0A1BE88C7A00F6CE6B /* Assets.xcassets */; };
		5B246C0E1BE88C7A00F6CE6B /* LaunchScreen.storyboard in Resources */ = {isa = PBXBuildFile; fileRef = 5B246C0C1BE88C7A00F6CE6B /* LaunchScreen.storyboard */; };
		5B246C191BE88C7B00F6CE6B /* SampleDiaryAppTests.m in Sources */ = {isa = PBXBuildFile; fileRef = 5B246C181BE88C7B00F6CE6B /* SampleDiaryAppTests.m */; };
		5B246C241BE88C7B00F6CE6B /* SampleDiaryAppUITests.m in Sources */ = {isa = PBXBuildFile; fileRef = 5B246C231BE88C7B00F6CE6B /* SampleDiaryAppUITests.m */; };
/* End PBXBuildFile section */

/* Begin PBXContainerItemProxy section */
		5B246C151BE88C7B00F6CE6B /* PBXContainerItemProxy */ = {
			isa = PBXContainerItemProxy;
			containerPortal = 5B246BF01BE88C7A00F6CE6B /* Project object */;
			proxyType = 1;
			remoteGlobalIDString = 5B246BF71BE88C7A00F6CE6B;
			remoteInfo = SampleDiaryApp;
		};
		5B246C201BE88C7B00F6CE6B /* PBXContainerItemProxy */ = {
			isa = PBXContainerItemProxy;
			containerPortal = 5B246BF01BE88C7A00F6CE6B /* Project object */;
			proxyType = 1;
			remoteGlobalIDString = 5B246BF71BE88C7A00F6CE6B;
			remoteInfo = SampleDiaryApp;
		};
/* End PBXContainerItemProxy section */

/* Begin PBXFileReference section */
		5B246BF81BE88C7A00F6CE6B /* SampleDiaryApp.app */ = {isa = PBXFileReference; explicitFileType = wrapper.application; includeInIndex = 0; path = SampleDiaryApp.app; sourceTree = BUILT_PRODUCTS_DIR; };
		5B246BFC1BE88C7A00F6CE6B /* main.m */ = {isa = PBXFileReference; lastKnownFileType = sourcecode.c.objc; path = main.m; sourceTree = "<group>"; };
		5B246BFE1BE88C7A00F6CE6B /* AppDelegate.h */ = {isa = PBXFileReference; lastKnownFileType = sourcecode.c.h; path = AppDelegate.h; sourceTree = "<group>"; };
		5B246BFF1BE88C7A00F6CE6B /* AppDelegate.m */ = {isa = PBXFileReference; lastKnownFileType = sourcecode.c.objc; path = AppDelegate.m; sourceTree = "<group>"; };
		5B246C011BE88C7A00F6CE6B /* ViewController.h */ = {isa = PBXFileReference; lastKnownFileType = sourcecode.c.h; path = ViewController.h; sourceTree = "<group>"; };
		5B246C021BE88C7A00F6CE6B /* ViewController.m */ = {isa = PBXFileReference; lastKnownFileType = sourcecode.c.objc; path = ViewController.m; sourceTree = "<group>"; };
		5B246C051BE88C7A00F6CE6B /* Base */ = {isa = PBXFileReference; lastKnownFileType = file.storyboard; name = Base; path = Base.lproj/Main.storyboard; sourceTree = "<group>"; };
		5B246C081BE88C7A00F6CE6B /* SampleDiaryApp.xcdatamodel */ = {isa = PBXFileReference; lastKnownFileType = wrapper.xcdatamodel; path = SampleDiaryApp.xcdatamodel; sourceTree = "<group>"; };
		5B246C0A1BE88C7A00F6CE6B /* Assets.xcassets */ = {isa = PBXFileReference; lastKnownFileType = folder.assetcatalog; path = Assets.xcassets; sourceTree = "<group>"; };
		5B246C0D1BE88C7A00F6CE6B /* Base */ = {isa = PBXFileReference; lastKnownFileType = file.storyboard; name = Base; path = Base.lproj/LaunchScreen.storyboard; sourceTree = "<group>"; };
		5B246C0F1BE88C7A00F6CE6B /* Info.plist */ = {isa = PBXFileReference; lastKnownFileType = text.plist.xml; path = Info.plist; sourceTree = "<group>"; };
		5B246C141BE88C7B00F6CE6B /* SampleDiaryAppTests.xctest */ = {isa = PBXFileReference; explicitFileType = wrapper.cfbundle; includeInIndex = 0; path = SampleDiaryAppTests.xctest; sourceTree = BUILT_PRODUCTS_DIR; };
		5B246C181BE88C7B00F6CE6B /* SampleDiaryAppTests.m */ = {isa = PBXFileReference; lastKnownFileType = sourcecode.c.objc; path = SampleDiaryAppTests.m; sourceTree = "<group>"; };
		5B246C1A1BE88C7B00F6CE6B /* Info.plist */ = {isa = PBXFileReference; lastKnownFileType = text.plist.xml; path = Info.plist; sourceTree = "<group>"; };
		5B246C1F1BE88C7B00F6CE6B /* SampleDiaryAppUITests.xctest */ = {isa = PBXFileReference; explicitFileType = wrapper.cfbundle; includeInIndex = 0; path = SampleDiaryAppUITests.xctest; sourceTree = BUILT_PRODUCTS_DIR; };
		5B246C231BE88C7B00F6CE6B /* SampleDiaryAppUITests.m */ = {isa = PBXFileReference; lastKnownFileType = sourcecode.c.objc; path = SampleDiaryAppUITests.m; sourceTree = "<group>"; };
		5B246C251BE88C7B00F6CE6B /* Info.plist */ = {isa = PBXFileReference; lastKnownFileType = text.plist.xml; path = Info.plist; sourceTree = "<group>"; };
/* End PBXFileReference section */

/* Begin PBXFrameworksBuildPhase section */
		5B246BF51BE88C7A00F6CE6B /* Frameworks */ = {
			isa = PBXFrameworksBuildPhase;
			buildActionMask = 2147483647;
			files = (
			);
			runOnlyForDeploymentPostprocessing = 0;
		};
		5B246C111BE88C7B00F6CE6B /* Frameworks */ = {
			isa = PBXFrameworksBuildPhase;
			buildActionMask = 2147483647;
			files = (
			);
			runOnlyForDeploymentPostprocessing = 0;
		};
		5B246C1C1BE88C7B00F6CE6B /* Frameworks */ = {
			isa = PBXFrameworksBuildPhase;
			buildActionMask = 2147483647;
			files = (
			);
			runOnlyForDeploymentPostprocessing = 0;
		};
/* End PBXFrameworksBuildPhase section */

/* Begin PBXGroup section */
		5B246BEF1BE88C7A00F6CE6B = {
			isa = PBXGroup;
			children = (
				5B246BFA1BE88C7A00F6CE6B /* SampleDiaryApp */,
				5B246C171BE88C7B00F6CE6B /* SampleDiaryAppTests */,
				5B246C221BE88C7B00F6CE6B /* SampleDiaryAppUITests */,
				5B246BF91BE88C7A00F6CE6B /* Products */,
			);
			sourceTree = "<group>";
		};
		5B246BF91BE88C7A00F6CE6B /* Products */ = {
			isa = PBXGroup;
			children = (
				5B246BF81BE88C7A00F6CE6B /* SampleDiaryApp.app */,
				5B246C141BE88C7B00F6CE6B /* SampleDiaryAppTests.xctest */,
				5B246C1F1BE88C7B00F6CE6B /* SampleDiaryAppUITests.xctest */,
			);
			name = Products;
			sourceTree = "<group>";
		};
		5B246BFA1BE88C7A00F6CE6B /* SampleDiaryApp */ = {
			isa = PBXGroup;
			children = (
				5B246BFE1BE88C7A00F6CE6B /* AppDelegate.h */,
				5B246BFF1BE88C7A00F6CE6B /* AppDelegate.m */,
				5B246C011BE88C7A00F6CE6B /* ViewController.h */,
				5B246C021BE88C7A00F6CE6B /* ViewController.m */,
				5B246C041BE88C7A00F6CE6B /* Main.storyboard */,
				5B246C0A1BE88C7A00F6CE6B /* Assets.xcassets */,
				5B246C0C1BE88C7A00F6CE6B /* LaunchScreen.storyboard */,
				5B246C0F1BE88C7A00F6CE6B /* Info.plist */,
				5B246C071BE88C7A00F6CE6B /* SampleDiaryApp.xcdatamodeld */,
				5B246BFB1BE88C7A00F6CE6B /* Supporting Files */,
			);
			path = SampleDiaryApp;
			sourceTree = "<group>";
		};
		5B246BFB1BE88C7A00F6CE6B /* Supporting Files */ = {
			isa = PBXGroup;
			children = (
				5B246BFC1BE88C7A00F6CE6B /* main.m */,
			);
			name = "Supporting Files";
			sourceTree = "<group>";
		};
		5B246C171BE88C7B00F6CE6B /* SampleDiaryAppTests */ = {
			isa = PBXGroup;
			children = (
				5B246C181BE88C7B00F6CE6B /* SampleDiaryAppTests.m */,
				5B246C1A1BE88C7B00F6CE6B /* Info.plist */,
			);
			path = SampleDiaryAppTests;
			sourceTree = "<group>";
		};
		5B246C221BE88C7B00F6CE6B /* SampleDiaryAppUITests */ = {
			isa = PBXGroup;
			children = (
				5B246C231BE88C7B00F6CE6B /* SampleDiaryAppUITests.m */,
				5B246C251BE88C7B00F6CE6B /* Info.plist */,
			);
			path = SampleDiaryAppUITests;
			sourceTree = "<group>";
		};
/* End PBXGroup section */

/* Begin PBXNativeTarget section */
		5B246BF71BE88C7A00F6CE6B /* SampleDiaryApp */ = {
			isa = PBXNativeTarget;
			buildConfigurationList = 5B246C281BE88C7B00F6CE6B /* Build configuration list for PBXNativeTarget "SampleDiaryApp" */;
			buildPhases = (
				5B246BF41BE88C7A00F6CE6B /* Sources */,
				5B246BF51BE88C7A00F6CE6B /* Frameworks */,
				5B246BF61BE88C7A00F6CE6B /* Resources */,
			);
			buildRules = (
			);
			dependencies = (
			);
			name = SampleDiaryApp;
			productName = SampleDiaryApp;
			productReference = 5B246BF81BE88C7A00F6CE6B /* SampleDiaryApp.app */;
			productType = "com.apple.product-type.application";
		};
		5B246C131BE88C7B00F6CE6B /* SampleDiaryAppTests */ = {
			isa = PBXNativeTarget;
			buildConfigurationList = 5B246C2B1BE88C7B00F6CE6B /* Build configuration list for PBXNativeTarget "SampleDiaryAppTests" */;
			buildPhases = (
				5B246C101BE88C7B00F6CE6B /* Sources */,
				5B246C111BE88C7B00F6CE6B /* Frameworks */,
				5B246C121BE88C7B00F6CE6B /* Resources */,
			);
			buildRules = (
			);
			dependencies = (
				5B246C161BE88C7B00F6CE6B /* PBXTargetDependency */,
			);
			name = SampleDiaryAppTests;
			productName = SampleDiaryAppTests;
			productReference = 5B246C141BE88C7B00F6CE6B /* SampleDiaryAppTests.xctest */;
			productType = "com.apple.product-type.bundle.unit-test";
		};
		5B246C1E1BE88C7B00F6CE6B /* SampleDiaryAppUITests */ = {
			isa = PBXNativeTarget;
			buildConfigurationList = 5B246C2E1BE88C7B00F6CE6B /* Build configuration list for PBXNativeTarget "SampleDiaryAppUITests" */;
			buildPhases = (
				5B246C1B1BE88C7B00F6CE6B /* Sources */,
				5B246C1C1BE88C7B00F6CE6B /* Frameworks */,
				5B246C1D1BE88C7B00F6CE6B /* Resources */,
			);
			buildRules = (
			);
			dependencies = (
				5B246C211BE88C7B00F6CE6B /* PBXTargetDependency */,
			);
			name = SampleDiaryAppUITests;
			productName = SampleDiaryAppUITests;
			productReference = 5B246C1F1BE88C7B00F6CE6B /* SampleDiaryAppUITests.xctest */;
			productType = "com.apple.product-type.bundle.ui-testing";
		};
/* End PBXNativeTarget section */

/* Begin PBXProject section */
		5B246BF01BE88C7A00F6CE6B /* Project object */ = {
			isa = PBXProject;
			attributes = {
				LastUpgradeCheck = 0710;
				ORGANIZATIONNAME = "Jetwolfe Labs";
				TargetAttributes = {
					5B246BF71BE88C7A00F6CE6B = {
						CreatedOnToolsVersion = 7.1;
					};
					5B246C131BE88C7B00F6CE6B = {
						CreatedOnToolsVersion = 7.1;
						TestTargetID = 5B246BF71BE88C7A00F6CE6B;
					};
					5B246C1E1BE88C7B00F6CE6B = {
						CreatedOnToolsVersion = 7.1;
						TestTargetID = 5B246BF71BE88C7A00F6CE6B;
					};
				};
			};
			buildConfigurationList = 5B246BF31BE88C7A00F6CE6B /* Build configuration list for PBXProject "SampleDiaryApp" */;
			compatibilityVersion = "Xcode 3.2";
			developmentRegion = English;
			hasScannedForEncodings = 0;
			knownRegions = (
				en,
				Base,
			);
			mainGroup = 5B246BEF1BE88C7A00F6CE6B;
			productRefGroup = 5B246BF91BE88C7A00F6CE6B /* Products */;
			projectDirPath = "";
			projectRoot = "";
			targets = (
				5B246BF71BE88C7A00F6CE6B /* SampleDiaryApp */,
				5B246C131BE88C7B00F6CE6B /* SampleDiaryAppTests */,
				5B246C1E1BE88C7B00F6CE6B /* SampleDiaryAppUITests */,
			);
		};
/* End PBXProject section */

/* Begin PBXResourcesBuildPhase section */
		5B246BF61BE88C7A00F6CE6B /* Resources */ = {
			isa = PBXResourcesBuildPhase;
			buildActionMask = 2147483647;
			files = (
				5B246C0E1BE88C7A00F6CE6B /* LaunchScreen.storyboard in Resources */,
				5B246C0B1BE88C7A00F6CE6B /* Assets.xcassets in Resources */,
				5B246C061BE88C7A00F6CE6B /* Main.storyboard in Resources */,
			);
			runOnlyForDeploymentPostprocessing = 0;
		};
		5B246C121BE88C7B00F6CE6B /* Resources */ = {
			isa = PBXResourcesBuildPhase;
			buildActionMask = 2147483647;
			files = (
			);
			runOnlyForDeploymentPostprocessing = 0;
		};
		5B246C1D1BE88C7B00F6CE6B /* Resources */ = {
			isa = PBXResourcesBuildPhase;
			buildActionMask = 2147483647;
			files = (
			);
			runOnlyForDeploymentPostprocessing = 0;
		};
/* End PBXResourcesBuildPhase section */

/* Begin PBXSourcesBuildPhase section */
		5B246BF41BE88C7A00F6CE6B /* Sources */ = {
			isa = PBXSourcesBuildPhase;
			buildActionMask = 2147483647;
			files = (
				5B246C031BE88C7A00F6CE6B /* ViewController.m in Sources */,
				5B246C001BE88C7A00F6CE6B /* AppDelegate.m in Sources */,
				5B246BFD1BE88C7A00F6CE6B /* main.m in Sources */,
				5B246C091BE88C7A00F6CE6B /* SampleDiaryApp.xcdatamodeld in Sources */,
			);
			runOnlyForDeploymentPostprocessing = 0;
		};
		5B246C101BE88C7B00F6CE6B /* Sources */ = {
			isa = PBXSourcesBuildPhase;
			buildActionMask = 2147483647;
			files = (
				5B246C191BE88C7B00F6CE6B /* SampleDiaryAppTests.m in Sources */,
			);
			runOnlyForDeploymentPostprocessing = 0;
		};
		5B246C1B1BE88C7B00F6CE6B /* Sources */ = {
			isa = PBXSourcesBuildPhase;
			buildActionMask = 2147483647;
			files = (
				5B246C241BE88C7B00F6CE6B /* SampleDiaryAppUITests.m in Sources */,
			);
			runOnlyForDeploymentPostprocessing = 0;
		};
/* End PBXSourcesBuildPhase section */

/* Begin PBXTargetDependency section */
		5B246C161BE88C7B00F6CE6B /* PBXTargetDependency */ = {
			isa = PBXTargetDependency;
			target = 5B246BF71BE88C7A00F6CE6B /* SampleDiaryApp */;
			targetProxy = 5B246C151BE88C7B00F6CE6B /* PBXContainerItemProxy */;
		};
		5B246C211BE88C7B00F6CE6B /* PBXTargetDependency */ = {
			isa = PBXTargetDependency;
			target = 5B246BF71BE88C7A00F6CE6B /* SampleDiaryApp */;
			targetProxy = 5B246C201BE88C7B00F6CE6B /* PBXContainerItemProxy */;
		};
/* End PBXTargetDependency section */

/* Begin PBXVariantGroup section */
		5B246C041BE88C7A00F6CE6B /* Main.storyboard */ = {
			isa = PBXVariantGroup;
			children = (
				5B246C051BE88C7A00F6CE6B /* Base */,
			);
			name = Main.storyboard;
			sourceTree = "<group>";
		};
		5B246C0C1BE88C7A00F6CE6B /* LaunchScreen.storyboard */ = {
			isa = PBXVariantGroup;
			children = (
				5B246C0D1BE88C7A00F6CE6B /* Base */,
			);
			name = LaunchScreen.storyboard;
			sourceTree = "<group>";
		};
/* End PBXVariantGroup section */

/* Begin XCBuildConfiguration section */
		5B246C261BE88C7B00F6CE6B /* Debug */ = {
			isa = XCBuildConfiguration;
			buildSettings = {
				ALWAYS_SEARCH_USER_PATHS = NO;
				CLANG_CXX_LANGUAGE_STANDARD = "gnu++0x";
				CLANG_CXX_LIBRARY = "libc++";
				CLANG_ENABLE_MODULES = YES;
				CLANG_ENABLE_OBJC_ARC = YES;
				CLANG_WARN_BOOL_CONVERSION = YES;
				CLANG_WARN_CONSTANT_CONVERSION = YES;
				CLANG_WARN_DIRECT_OBJC_ISA_USAGE = YES_ERROR;
				CLANG_WARN_EMPTY_BODY = YES;
				CLANG_WARN_ENUM_CONVERSION = YES;
				CLANG_WARN_INT_CONVERSION = YES;
				CLANG_WARN_OBJC_ROOT_CLASS = YES_ERROR;
				CLANG_WARN_UNREACHABLE_CODE = YES;
				CLANG_WARN__DUPLICATE_METHOD_MATCH = YES;
				"CODE_SIGN_IDENTITY[sdk=iphoneos*]" = "iPhone Developer";
				COPY_PHASE_STRIP = NO;
				DEBUG_INFORMATION_FORMAT = dwarf;
				ENABLE_STRICT_OBJC_MSGSEND = YES;
				ENABLE_TESTABILITY = YES;
				GCC_C_LANGUAGE_STANDARD = gnu99;
				GCC_DYNAMIC_NO_PIC = NO;
				GCC_NO_COMMON_BLOCKS = YES;
				GCC_OPTIMIZATION_LEVEL = 0;
				GCC_PREPROCESSOR_DEFINITIONS = (
					"DEBUG=1",
					"$(inherited)",
				);
				GCC_WARN_64_TO_32_BIT_CONVERSION = YES;
				GCC_WARN_ABOUT_RETURN_TYPE = YES_ERROR;
				GCC_WARN_UNDECLARED_SELECTOR = YES;
				GCC_WARN_UNINITIALIZED_AUTOS = YES_AGGRESSIVE;
				GCC_WARN_UNUSED_FUNCTION = YES;
				GCC_WARN_UNUSED_VARIABLE = YES;
				IPHONEOS_DEPLOYMENT_TARGET = 9.1;
				MTL_ENABLE_DEBUG_INFO = YES;
				ONLY_ACTIVE_ARCH = YES;
				SDKROOT = iphoneos;
			};
			name = Debug;
		};
		5B246C271BE88C7B00F6CE6B /* Release */ = {
			isa = XCBuildConfiguration;
			buildSettings = {
				ALWAYS_SEARCH_USER_PATHS = NO;
				CLANG_CXX_LANGUAGE_STANDARD = "gnu++0x";
				CLANG_CXX_LIBRARY = "libc++";
				CLANG_ENABLE_MODULES = YES;
				CLANG_ENABLE_OBJC_ARC = YES;
				CLANG_WARN_BOOL_CONVERSION = YES;
				CLANG_WARN_CONSTANT_CONVERSION = YES;
				CLANG_WARN_DIRECT_OBJC_ISA_USAGE = YES_ERROR;
				CLANG_WARN_EMPTY_BODY = YES;
				CLANG_WARN_ENUM_CONVERSION = YES;
				CLANG_WARN_INT_CONVERSION = YES;
				CLANG_WARN_OBJC_ROOT_CLASS = YES_ERROR;
				CLANG_WARN_UNREACHABLE_CODE = YES;
				CLANG_WARN__DUPLICATE_METHOD_MATCH = YES;
				"CODE_SIGN_IDENTITY[sdk=iphoneos*]" = "iPhone Developer";
				COPY_PHASE_STRIP = NO;
				DEBUG_INFORMATION_FORMAT = "dwarf-with-dsym";
				ENABLE_NS_ASSERTIONS = NO;
				ENABLE_STRICT_OBJC_MSGSEND = YES;
				GCC_C_LANGUAGE_STANDARD = gnu99;
				GCC_NO_COMMON_BLOCKS = YES;
				GCC_WARN_64_TO_32_BIT_CONVERSION = YES;
				GCC_WARN_ABOUT_RETURN_TYPE = YES_ERROR;
				GCC_WARN_UNDECLARED_SELECTOR = YES;
				GCC_WARN_UNINITIALIZED_AUTOS = YES_AGGRESSIVE;
				GCC_WARN_UNUSED_FUNCTION = YES;
				GCC_WARN_UNUSED_VARIABLE = YES;
				IPHONEOS_DEPLOYMENT_TARGET = 9.1;
				MTL_ENABLE_DEBUG_INFO = NO;
				SDKROOT = iphoneos;
				VALIDATE_PRODUCT = YES;
			};
			name = Release;
		};
		5B246C291BE88C7B00F6CE6B /* Debug */ = {
			isa = XCBuildConfiguration;
			buildSettings = {
				ASSETCATALOG_COMPILER_APPICON_NAME = AppIcon;
				INFOPLIST_FILE = SampleDiaryApp/Info.plist;
				LD_RUNPATH_SEARCH_PATHS = "$(inherited) @executable_path/Frameworks";
				PRODUCT_BUNDLE_IDENTIFIER = com.jetwolfelabs.SampleDiaryApp;
				PRODUCT_NAME = "$(TARGET_NAME)";
			};
			name = Debug;
		};
		5B246C2A1BE88C7B00F6CE6B /* Release */ = {
			isa = XCBuildConfiguration;
			buildSettings = {
				ASSETCATALOG_COMPILER_APPICON_NAME = AppIcon;
				INFOPLIST_FILE = SampleDiaryApp/Info.plist;
				LD_RUNPATH_SEARCH_PATHS = "$(inherited) @executable_path/Frameworks";
				PRODUCT_BUNDLE_IDENTIFIER = com.jetwolfelabs.SampleDiaryApp;
				PRODUCT_NAME = "$(TARGET_NAME)";
			};
			name = Release;
		};
		5B246C2C1BE88C7B00F6CE6B /* Debug */ = {
			isa = XCBuildConfiguration;
			buildSettings = {
				BUNDLE_LOADER = "$(TEST_HOST)";
				INFOPLIST_FILE = SampleDiaryAppTests/Info.plist;
				LD_RUNPATH_SEARCH_PATHS = "$(inherited) @executable_path/Frameworks @loader_path/Frameworks";
				PRODUCT_BUNDLE_IDENTIFIER = com.jetwolfelabs.SampleDiaryAppTests;
				PRODUCT_NAME = "$(TARGET_NAME)";
				TEST_HOST = "$(BUILT_PRODUCTS_DIR)/SampleDiaryApp.app/SampleDiaryApp";
			};
			name = Debug;
		};
		5B246C2D1BE88C7B00F6CE6B /* Release */ = {
			isa = XCBuildConfiguration;
			buildSettings = {
				BUNDLE_LOADER = "$(TEST_HOST)";
				INFOPLIST_FILE = SampleDiaryAppTests/Info.plist;
				LD_RUNPATH_SEARCH_PATHS = "$(inherited) @executable_path/Frameworks @loader_path/Frameworks";
				PRODUCT_BUNDLE_IDENTIFIER = com.jetwolfelabs.SampleDiaryAppTests;
				PRODUCT_NAME = "$(TARGET_NAME)";
				TEST_HOST = "$(BUILT_PRODUCTS_DIR)/SampleDiaryApp.app/SampleDiaryApp";
			};
			name = Release;
		};
		5B246C2F1BE88C7B00F6CE6B /* Debug */ = {
			isa = XCBuildConfiguration;
			buildSettings = {
				INFOPLIST_FILE = SampleDiaryAppUITests/Info.plist;
				LD_RUNPATH_SEARCH_PATHS = "$(inherited) @executable_path/Frameworks @loader_path/Frameworks";
				PRODUCT_BUNDLE_IDENTIFIER = com.jetwolfelabs.SampleDiaryAppUITests;
				PRODUCT_NAME = "$(TARGET_NAME)";
				TEST_TARGET_NAME = SampleDiaryApp;
				USES_XCTRUNNER = YES;
			};
			name = Debug;
		};
		5B246C301BE88C7B00F6CE6B /* Release */ = {
			isa = XCBuildConfiguration;
			buildSettings = {
				INFOPLIST_FILE = SampleDiaryAppUITests/Info.plist;
				LD_RUNPATH_SEARCH_PATHS = "$(inherited) @executable_path/Frameworks @loader_path/Frameworks";
				PRODUCT_BUNDLE_IDENTIFIER = com.jetwolfelabs.SampleDiaryAppUITests;
				PRODUCT_NAME = "$(TARGET_NAME)";
				TEST_TARGET_NAME = SampleDiaryApp;
				USES_XCTRUNNER = YES;
			};
			name = Release;
		};
/* End XCBuildConfiguration section */

/* Begin XCConfigurationList section */
		5B246BF31BE88C7A00F6CE6B /* Build configuration list for PBXProject "SampleDiaryApp" */ = {
			isa = XCConfigurationList;
			buildConfigurations = (
				5B246C261BE88C7B00F6CE6B /* Debug */,
				5B246C271BE88C7B00F6CE6B /* Release */,
			);
			defaultConfigurationIsVisible = 0;
			defaultConfigurationName = Release;
		};
		5B246C281BE88C7B00F6CE6B /* Build configuration list for PBXNativeTarget "SampleDiaryApp" */ = {
			isa = XCConfigurationList;
			buildConfigurations = (
				5B246C291BE88C7B00F6CE6B /* Debug */,
				5B246C2A1BE88C7B00F6CE6B /* Release */,
			);
			defaultConfigurationIsVisible = 0;
		};
		5B246C2B1BE88C7B00F6CE6B /* Build configuration list for PBXNativeTarget "SampleDiaryAppTests" */ = {
			isa = XCConfigurationList;
			buildConfigurations = (
				5B246C2C1BE88C7B00F6CE6B /* Debug */,
				5B246C2D1BE88C7B00F6CE6B /* Release */,
			);
			defaultConfigurationIsVisible = 0;
		};
		5B246C2E1BE88C7B00F6CE6B /* Build configuration list for PBXNativeTarget "SampleDiaryAppUITests" */ = {
			isa = XCConfigurationList;
			buildConfigurations = (
				5B246C2F1BE88C7B00F6CE6B /* Debug */,
				5B246C301BE88C7B00F6CE6B /* Release */,
			);
			defaultConfigurationIsVisible = 0;
		};
/* End XCConfigurationList section */

/* Begin XCVersionGroup section */
		5B246C071BE88C7A00F6CE6B /* SampleDiaryApp.xcdatamodeld */ = {
			isa = XCVersionGroup;
			children = (
				5B246C081BE88C7A00F6CE6B /* SampleDiaryApp.xcdatamodel */,
			);
			currentVersion = 5B246C081BE88C7A00F6CE6B /* SampleDiaryApp.xcdatamodel */;
			path = SampleDiaryApp.xcdatamodeld;
			sourceTree = "<group>";
			versionGroupType = wrapper.xcdatamodel;
		};
/* End XCVersionGroup section */
	};
	rootObject = 5B246BF01BE88C7A00F6CE6B /* Project object */;
}
